// !$*UTF8*$!
{
	archiveVersion = 1;
	classes = {
	};
	objectVersion = 46;
	objects = {

/* Begin PBXBuildFile section */
		8158671515A33188006FFE06 /* UIKit.framework in Frameworks */ = {isa = PBXBuildFile; fileRef = 8158671415A33188006FFE06 /* UIKit.framework */; };
		8158671715A33188006FFE06 /* Foundation.framework in Frameworks */ = {isa = PBXBuildFile; fileRef = 8158671615A33188006FFE06 /* Foundation.framework */; };
		8158671915A33188006FFE06 /* CoreGraphics.framework in Frameworks */ = {isa = PBXBuildFile; fileRef = 8158671815A33188006FFE06 /* CoreGraphics.framework */; };
		8158671F15A33188006FFE06 /* InfoPlist.strings in Resources */ = {isa = PBXBuildFile; fileRef = 8158671D15A33188006FFE06 /* InfoPlist.strings */; };
		8158672115A33188006FFE06 /* main.m in Sources */ = {isa = PBXBuildFile; fileRef = 8158672015A33188006FFE06 /* main.m */; };
		8158672515A33188006FFE06 /* AppDelegate.m in Sources */ = {isa = PBXBuildFile; fileRef = 8158672415A33188006FFE06 /* AppDelegate.m */; };
		8158672815A33188006FFE06 /* MainStoryboard_iPhone.storyboard in Resources */ = {isa = PBXBuildFile; fileRef = 8158672615A33188006FFE06 /* MainStoryboard_iPhone.storyboard */; };
		8158672B15A33188006FFE06 /* MainStoryboard_iPad.storyboard in Resources */ = {isa = PBXBuildFile; fileRef = 8158672915A33188006FFE06 /* MainStoryboard_iPad.storyboard */; };
		8158672E15A33188006FFE06 /* ViewController.m in Sources */ = {isa = PBXBuildFile; fileRef = 8158672D15A33188006FFE06 /* ViewController.m */; };
		8158673615A33188006FFE06 /* SenTestingKit.framework in Frameworks */ = {isa = PBXBuildFile; fileRef = 8158673515A33188006FFE06 /* SenTestingKit.framework */; };
		8158673715A33188006FFE06 /* UIKit.framework in Frameworks */ = {isa = PBXBuildFile; fileRef = 8158671415A33188006FFE06 /* UIKit.framework */; };
		8158673815A33188006FFE06 /* Foundation.framework in Frameworks */ = {isa = PBXBuildFile; fileRef = 8158671615A33188006FFE06 /* Foundation.framework */; };
		8158674015A33188006FFE06 /* InfoPlist.strings in Resources */ = {isa = PBXBuildFile; fileRef = 8158673E15A33188006FFE06 /* InfoPlist.strings */; };
		8158674315A33188006FFE06 /* WeetingTests.m in Sources */ = {isa = PBXBuildFile; fileRef = 8158674215A33188006FFE06 /* WeetingTests.m */; };
/* End PBXBuildFile section */

/* Begin PBXContainerItemProxy section */
		8158673915A33188006FFE06 /* PBXContainerItemProxy */ = {
			isa = PBXContainerItemProxy;
			containerPortal = 8158670715A33188006FFE06 /* Project object */;
			proxyType = 1;
			remoteGlobalIDString = 8158670F15A33188006FFE06;
			remoteInfo = Weeting;
		};
/* End PBXContainerItemProxy section */

/* Begin PBXFileReference section */
		8158671015A33188006FFE06 /* Weeting.app */ = {isa = PBXFileReference; explicitFileType = wrapper.application; includeInIndex = 0; path = Weeting.app; sourceTree = BUILT_PRODUCTS_DIR; };
		8158671415A33188006FFE06 /* UIKit.framework */ = {isa = PBXFileReference; lastKnownFileType = wrapper.framework; name = UIKit.framework; path = System/Library/Frameworks/UIKit.framework; sourceTree = SDKROOT; };
		8158671615A33188006FFE06 /* Foundation.framework */ = {isa = PBXFileReference; lastKnownFileType = wrapper.framework; name = Foundation.framework; path = System/Library/Frameworks/Foundation.framework; sourceTree = SDKROOT; };
		8158671815A33188006FFE06 /* CoreGraphics.framework */ = {isa = PBXFileReference; lastKnownFileType = wrapper.framework; name = CoreGraphics.framework; path = System/Library/Frameworks/CoreGraphics.framework; sourceTree = SDKROOT; };
		8158671C15A33188006FFE06 /* Weeting-Info.plist */ = {isa = PBXFileReference; path = "Weeting-Info.plist"; sourceTree = "<group>"; };
		8158671E15A33188006FFE06 /* en */ = {isa = PBXFileReference; lastKnownFileType = text.plist.strings; name = en; path = en.lproj/InfoPlist.strings; sourceTree = "<group>"; };
		8158672015A33188006FFE06 /* main.m */ = {isa = PBXFileReference; lastKnownFileType = sourcecode.c.objc; path = main.m; sourceTree = "<group>"; };
		8158672215A33188006FFE06 /* Weeting-Prefix.pch */ = {isa = PBXFileReference; path = "Weeting-Prefix.pch"; sourceTree = "<group>"; };
		8158672315A33188006FFE06 /* AppDelegate.h */ = {isa = PBXFileReference; path = AppDelegate.h; sourceTree = "<group>"; };
		8158672415A33188006FFE06 /* AppDelegate.m */ = {isa = PBXFileReference; lastKnownFileType = sourcecode.c.objc; path = AppDelegate.m; sourceTree = "<group>"; };
		8158672715A33188006FFE06 /* en */ = {isa = PBXFileReference; lastKnownFileType = file.storyboard; name = en; path = en.lproj/MainStoryboard_iPhone.storyboard; sourceTree = "<group>"; };
		8158672A15A33188006FFE06 /* en */ = {isa = PBXFileReference; lastKnownFileType = file.storyboard; name = en; path = en.lproj/MainStoryboard_iPad.storyboard; sourceTree = "<group>"; };
		8158672C15A33188006FFE06 /* ViewController.h */ = {isa = PBXFileReference; path = ViewController.h; sourceTree = "<group>"; };
		8158672D15A33188006FFE06 /* ViewController.m */ = {isa = PBXFileReference; lastKnownFileType = sourcecode.c.objc; path = ViewController.m; sourceTree = "<group>"; };
		8158673415A33188006FFE06 /* WeetingTests.octest */ = {isa = PBXFileReference; explicitFileType = wrapper.cfbundle; includeInIndex = 0; path = WeetingTests.octest; sourceTree = BUILT_PRODUCTS_DIR; };
		8158673515A33188006FFE06 /* SenTestingKit.framework */ = {isa = PBXFileReference; lastKnownFileType = wrapper.framework; name = SenTestingKit.framework; path = Library/Frameworks/SenTestingKit.framework; sourceTree = DEVELOPER_DIR; };
		8158673D15A33188006FFE06 /* WeetingTests-Info.plist */ = {isa = PBXFileReference; path = "WeetingTests-Info.plist"; sourceTree = "<group>"; };
		8158673F15A33188006FFE06 /* en */ = {isa = PBXFileReference; lastKnownFileType = text.plist.strings; name = en; path = en.lproj/InfoPlist.strings; sourceTree = "<group>"; };
		8158674115A33188006FFE06 /* WeetingTests.h */ = {isa = PBXFileReference; path = WeetingTests.h; sourceTree = "<group>"; };
		8158674215A33188006FFE06 /* WeetingTests.m */ = {isa = PBXFileReference; lastKnownFileType = sourcecode.c.objc; path = WeetingTests.m; sourceTree = "<group>"; };
/* End PBXFileReference section */

/* Begin PBXFrameworksBuildPhase section */
		8158670D15A33188006FFE06 /* Frameworks */ = {
			isa = PBXFrameworksBuildPhase;
			buildActionMask = 2147483647;
			files = (
				8158671515A33188006FFE06 /* UIKit.framework in Frameworks */,
				8158671715A33188006FFE06 /* Foundation.framework in Frameworks */,
				8158671915A33188006FFE06 /* CoreGraphics.framework in Frameworks */,
			);
			runOnlyForDeploymentPostprocessing = 0;
		};
		8158673015A33188006FFE06 /* Frameworks */ = {
			isa = PBXFrameworksBuildPhase;
			buildActionMask = 2147483647;
			files = (
				8158673615A33188006FFE06 /* SenTestingKit.framework in Frameworks */,
				8158673715A33188006FFE06 /* UIKit.framework in Frameworks */,
				8158673815A33188006FFE06 /* Foundation.framework in Frameworks */,
			);
			runOnlyForDeploymentPostprocessing = 0;
		};
/* End PBXFrameworksBuildPhase section */

/* Begin PBXGroup section */
		8158670515A33188006FFE06 = {
			isa = PBXGroup;
			children = (
				8158671A15A33188006FFE06 /* Weeting */,
				8158673B15A33188006FFE06 /* WeetingTests */,
				8158671315A33188006FFE06 /* Frameworks */,
				8158671115A33188006FFE06 /* Products */,
			);
			sourceTree = "<group>";
		};
		8158671115A33188006FFE06 /* Products */ = {
			isa = PBXGroup;
			children = (
				8158671015A33188006FFE06 /* Weeting.app */,
				8158673415A33188006FFE06 /* WeetingTests.octest */,
			);
			name = Products;
			sourceTree = "<group>";
		};
		8158671315A33188006FFE06 /* Frameworks */ = {
			isa = PBXGroup;
			children = (
				8158671415A33188006FFE06 /* UIKit.framework */,
				8158671615A33188006FFE06 /* Foundation.framework */,
				8158671815A33188006FFE06 /* CoreGraphics.framework */,
				8158673515A33188006FFE06 /* SenTestingKit.framework */,
			);
			name = Frameworks;
			sourceTree = "<group>";
		};
		8158671A15A33188006FFE06 /* Weeting */ = {
			isa = PBXGroup;
			children = (
				8158672315A33188006FFE06 /* AppDelegate.h */,
				8158672415A33188006FFE06 /* AppDelegate.m */,
				8158672615A33188006FFE06 /* MainStoryboard_iPhone.storyboard */,
				8158672915A33188006FFE06 /* MainStoryboard_iPad.storyboard */,
				8158672C15A33188006FFE06 /* ViewController.h */,
				8158672D15A33188006FFE06 /* ViewController.m */,
				8158671B15A33188006FFE06 /* Supporting Files */,
			);
			path = Weeting;
			sourceTree = "<group>";
		};
		8158671B15A33188006FFE06 /* Supporting Files */ = {
			isa = PBXGroup;
			children = (
				8158671C15A33188006FFE06 /* Weeting-Info.plist */,
				8158671D15A33188006FFE06 /* InfoPlist.strings */,
				8158672015A33188006FFE06 /* main.m */,
				8158672215A33188006FFE06 /* Weeting-Prefix.pch */,
			);
			name = "Supporting Files";
			sourceTree = "<group>";
		};
		8158673B15A33188006FFE06 /* WeetingTests */ = {
			isa = PBXGroup;
			children = (
				8158674115A33188006FFE06 /* WeetingTests.h */,
				8158674215A33188006FFE06 /* WeetingTests.m */,
				8158673C15A33188006FFE06 /* Supporting Files */,
			);
			path = WeetingTests;
			sourceTree = "<group>";
		};
		8158673C15A33188006FFE06 /* Supporting Files */ = {
			isa = PBXGroup;
			children = (
				8158673D15A33188006FFE06 /* WeetingTests-Info.plist */,
				8158673E15A33188006FFE06 /* InfoPlist.strings */,
			);
			name = "Supporting Files";
			sourceTree = "<group>";
		};
/* End PBXGroup section */

/* Begin PBXNativeTarget section */
		8158670F15A33188006FFE06 /* Weeting */ = {
			isa = PBXNativeTarget;
			buildConfigurationList = 8158674615A33188006FFE06 /* Build configuration list for PBXNativeTarget "Weeting" */;
			buildPhases = (
				8158670C15A33188006FFE06 /* Sources */,
				8158670D15A33188006FFE06 /* Frameworks */,
				8158670E15A33188006FFE06 /* Resources */,
			);
			buildRules = (
			);
			dependencies = (
			);
			name = Weeting;
			productName = Weeting;
			productReference = 8158671015A33188006FFE06 /* Weeting.app */;
			productType = "com.apple.product-type.application";
		};
		8158673315A33188006FFE06 /* WeetingTests */ = {
			isa = PBXNativeTarget;
			buildConfigurationList = 8158674915A33188006FFE06 /* Build configuration list for PBXNativeTarget "WeetingTests" */;
			buildPhases = (
				8158672F15A33188006FFE06 /* Sources */,
				8158673015A33188006FFE06 /* Frameworks */,
				8158673115A33188006FFE06 /* Resources */,
				8158673215A33188006FFE06 /* ShellScript */,
			);
			buildRules = (
			);
			dependencies = (
				8158673A15A33188006FFE06 /* PBXTargetDependency */,
			);
			name = WeetingTests;
			productName = WeetingTests;
			productReference = 8158673415A33188006FFE06 /* WeetingTests.octest */;
			productType = "com.apple.product-type.bundle";
		};
/* End PBXNativeTarget section */

/* Begin PBXProject section */
		8158670715A33188006FFE06 /* Project object */ = {
			isa = PBXProject;
			attributes = {
				LastUpgradeCheck = 0430;
			};
			buildConfigurationList = 8158670A15A33188006FFE06 /* Build configuration list for PBXProject "Weeting" */;
			compatibilityVersion = "Xcode 3.2";
			developmentRegion = English;
			hasScannedForEncodings = 0;
			knownRegions = (
				en,
			);
			mainGroup = 8158670515A33188006FFE06;
			productRefGroup = 8158671115A33188006FFE06 /* Products */;
			projectDirPath = "";
			projectRoot = "";
			targets = (
				8158670F15A33188006FFE06 /* Weeting */,
				8158673315A33188006FFE06 /* WeetingTests */,
			);
		};
/* End PBXProject section */

/* Begin PBXResourcesBuildPhase section */
		8158670E15A33188006FFE06 /* Resources */ = {
			isa = PBXResourcesBuildPhase;
			buildActionMask = 2147483647;
			files = (
				8158671F15A33188006FFE06 /* InfoPlist.strings in Resources */,
				8158672815A33188006FFE06 /* MainStoryboard_iPhone.storyboard in Resources */,
				8158672B15A33188006FFE06 /* MainStoryboard_iPad.storyboard in Resources */,
			);
			runOnlyForDeploymentPostprocessing = 0;
		};
		8158673115A33188006FFE06 /* Resources */ = {
			isa = PBXResourcesBuildPhase;
			buildActionMask = 2147483647;
			files = (
				8158674015A33188006FFE06 /* InfoPlist.strings in Resources */,
			);
			runOnlyForDeploymentPostprocessing = 0;
		};
/* End PBXResourcesBuildPhase section */

/* Begin PBXShellScriptBuildPhase section */
		8158673215A33188006FFE06 /* ShellScript */ = {
			isa = PBXShellScriptBuildPhase;
			buildActionMask = 2147483647;
			files = (
			);
			inputPaths = (
			);
			outputPaths = (
			);
			runOnlyForDeploymentPostprocessing = 0;
			shellPath = /bin/sh;
			shellScript = "# Run the unit tests in this test bundle.\n\"${SYSTEM_DEVELOPER_DIR}/Tools/RunUnitTests\"\n";
		};
/* End PBXShellScriptBuildPhase section */

/* Begin PBXSourcesBuildPhase section */
		8158670C15A33188006FFE06 /* Sources */ = {
			isa = PBXSourcesBuildPhase;
			buildActionMask = 2147483647;
			files = (
				8158672115A33188006FFE06 /* main.m in Sources */,
				8158672515A33188006FFE06 /* AppDelegate.m in Sources */,
				8158672E15A33188006FFE06 /* ViewController.m in Sources */,
			);
			runOnlyForDeploymentPostprocessing = 0;
		};
		8158672F15A33188006FFE06 /* Sources */ = {
			isa = PBXSourcesBuildPhase;
			buildActionMask = 2147483647;
			files = (
				8158674315A33188006FFE06 /* WeetingTests.m in Sources */,
			);
			runOnlyForDeploymentPostprocessing = 0;
		};
/* End PBXSourcesBuildPhase section */

/* Begin PBXTargetDependency section */
		8158673A15A33188006FFE06 /* PBXTargetDependency */ = {
			isa = PBXTargetDependency;
			target = 8158670F15A33188006FFE06 /* Weeting */;
			targetProxy = 8158673915A33188006FFE06 /* PBXContainerItemProxy */;
		};
/* End PBXTargetDependency section */

/* Begin PBXVariantGroup section */
		8158671D15A33188006FFE06 /* InfoPlist.strings */ = {
			isa = PBXVariantGroup;
			children = (
				8158671E15A33188006FFE06 /* en */,
			);
			name = InfoPlist.strings;
			sourceTree = "<group>";
		};
		8158672615A33188006FFE06 /* MainStoryboard_iPhone.storyboard */ = {
			isa = PBXVariantGroup;
			children = (
				8158672715A33188006FFE06 /* en */,
			);
			name = MainStoryboard_iPhone.storyboard;
			sourceTree = "<group>";
		};
		8158672915A33188006FFE06 /* MainStoryboard_iPad.storyboard */ = {
			isa = PBXVariantGroup;
			children = (
				8158672A15A33188006FFE06 /* en */,
			);
			name = MainStoryboard_iPad.storyboard;
			sourceTree = "<group>";
		};
		8158673E15A33188006FFE06 /* InfoPlist.strings */ = {
			isa = PBXVariantGroup;
			children = (
				8158673F15A33188006FFE06 /* en */,
			);
			name = InfoPlist.strings;
			sourceTree = "<group>";
		};
/* End PBXVariantGroup section */

/* Begin XCBuildConfiguration section */
		8158674415A33188006FFE06 /* Debug */ = {
			isa = XCBuildConfiguration;
			buildSettings = {
				ALWAYS_SEARCH_USER_PATHS = NO;
				ARCHS = "$(ARCHS_STANDARD_32_BIT)";
				CLANG_ENABLE_OBJC_ARC = YES;
				"CODE_SIGN_IDENTITY[sdk=iphoneos*]" = "iPhone Developer";
				COPY_PHASE_STRIP = NO;
				GCC_C_LANGUAGE_STANDARD = gnu99;
				GCC_DYNAMIC_NO_PIC = NO;
				GCC_OPTIMIZATION_LEVEL = 0;
				GCC_PREPROCESSOR_DEFINITIONS = (
					"DEBUG=1",
					"$(inherited)",
				);
				GCC_SYMBOLS_PRIVATE_EXTERN = NO;
				GCC_VERSION = com.apple.compilers.llvm.clang.1_0;
				GCC_WARN_ABOUT_RETURN_TYPE = YES;
				GCC_WARN_UNINITIALIZED_AUTOS = YES;
				GCC_WARN_UNUSED_VARIABLE = YES;
				IPHONEOS_DEPLOYMENT_TARGET = 5.1;
				SDKROOT = iphoneos;
				TARGETED_DEVICE_FAMILY = "1,2";
			};
			name = Debug;
		};
		8158674515A33188006FFE06 /* Release */ = {
			isa = XCBuildConfiguration;
			buildSettings = {
				ALWAYS_SEARCH_USER_PATHS = NO;
				ARCHS = "$(ARCHS_STANDARD_32_BIT)";
				CLANG_ENABLE_OBJC_ARC = YES;
				"CODE_SIGN_IDENTITY[sdk=iphoneos*]" = "iPhone Developer";
				COPY_PHASE_STRIP = YES;
				GCC_C_LANGUAGE_STANDARD = gnu99;
				GCC_VERSION = com.apple.compilers.llvm.clang.1_0;
				GCC_WARN_ABOUT_RETURN_TYPE = YES;
				GCC_WARN_UNINITIALIZED_AUTOS = YES;
				GCC_WARN_UNUSED_VARIABLE = YES;
				IPHONEOS_DEPLOYMENT_TARGET = 5.1;
				OTHER_CFLAGS = "-DNS_BLOCK_ASSERTIONS=1";
				SDKROOT = iphoneos;
				TARGETED_DEVICE_FAMILY = "1,2";
				VALIDATE_PRODUCT = YES;
			};
			name = Release;
		};
		8158674715A33188006FFE06 /* Debug */ = {
			isa = XCBuildConfiguration;
			buildSettings = {
				GCC_PRECOMPILE_PREFIX_HEADER = YES;
				GCC_PREFIX_HEADER = "Weeting/Weeting-Prefix.pch";
				INFOPLIST_FILE = "Weeting/Weeting-Info.plist";
				PRODUCT_NAME = "$(TARGET_NAME)";
				WRAPPER_EXTENSION = app;
			};
			name = Debug;
		};
		8158674815A33188006FFE06 /* Release */ = {
			isa = XCBuildConfiguration;
			buildSettings = {
				GCC_PRECOMPILE_PREFIX_HEADER = YES;
				GCC_PREFIX_HEADER = "Weeting/Weeting-Prefix.pch";
				INFOPLIST_FILE = "Weeting/Weeting-Info.plist";
				PRODUCT_NAME = "$(TARGET_NAME)";
				WRAPPER_EXTENSION = app;
			};
			name = Release;
		};
		8158674A15A33188006FFE06 /* Debug */ = {
			isa = XCBuildConfiguration;
			buildSettings = {
				BUNDLE_LOADER = "$(BUILT_PRODUCTS_DIR)/Weeting.app/Weeting";
				FRAMEWORK_SEARCH_PATHS = (
					"$(SDKROOT)/Developer/Library/Frameworks",
					"$(DEVELOPER_LIBRARY_DIR)/Frameworks",
				);
				GCC_PRECOMPILE_PREFIX_HEADER = YES;
				GCC_PREFIX_HEADER = "Weeting/Weeting-Prefix.pch";
				INFOPLIST_FILE = "WeetingTests/WeetingTests-Info.plist";
				PRODUCT_NAME = "$(TARGET_NAME)";
				TEST_HOST = "$(BUNDLE_LOADER)";
				WRAPPER_EXTENSION = octest;
			};
			name = Debug;
		};
		8158674B15A33188006FFE06 /* Release */ = {
			isa = XCBuildConfiguration;
			buildSettings = {
				BUNDLE_LOADER = "$(BUILT_PRODUCTS_DIR)/Weeting.app/Weeting";
				FRAMEWORK_SEARCH_PATHS = (
					"$(SDKROOT)/Developer/Library/Frameworks",
					"$(DEVELOPER_LIBRARY_DIR)/Frameworks",
				);
				GCC_PRECOMPILE_PREFIX_HEADER = YES;
				GCC_PREFIX_HEADER = "Weeting/Weeting-Prefix.pch";
				INFOPLIST_FILE = "WeetingTests/WeetingTests-Info.plist";
				PRODUCT_NAME = "$(TARGET_NAME)";
				TEST_HOST = "$(BUNDLE_LOADER)";
				WRAPPER_EXTENSION = octest;
			};
			name = Release;
		};
/* End XCBuildConfiguration section */

/* Begin XCConfigurationList section */
		8158670A15A33188006FFE06 /* Build configuration list for PBXProject "Weeting" */ = {
			isa = XCConfigurationList;
			buildConfigurations = (
				8158674415A33188006FFE06 /* Debug */,
				8158674515A33188006FFE06 /* Release */,
			);
			defaultConfigurationIsVisible = 0;
			defaultConfigurationName = Release;
		};
		8158674615A33188006FFE06 /* Build configuration list for PBXNativeTarget "Weeting" */ = {
			isa = XCConfigurationList;
			buildConfigurations = (
				8158674715A33188006FFE06 /* Debug */,
				8158674815A33188006FFE06 /* Release */,
			);
			defaultConfigurationIsVisible = 0;
		};
		8158674915A33188006FFE06 /* Build configuration list for PBXNativeTarget "WeetingTests" */ = {
			isa = XCConfigurationList;
			buildConfigurations = (
				8158674A15A33188006FFE06 /* Debug */,
				8158674B15A33188006FFE06 /* Release */,
			);
			defaultConfigurationIsVisible = 0;
		};
/* End XCConfigurationList section */
	};
	rootObject = 8158670715A33188006FFE06 /* Project object */;
}
